
Microsoft Visual Studio Solution File, Format Version 12.00
# Visual Studio Version 16
VisualStudioVersion = 16.0.30011.22
MinimumVisualStudioVersion = 10.0.40219.1
Project("{9A19103F-16F7-4668-BE54-9A1E7A4F7556}") = "WebApplicationRazor", "WebApplicationRazor.csproj", "{BCE1B380-74B0-4032-833E-BEBE16ADCCEB}"
EndProject
Global
	GlobalSection(SolutionConfigurationPlatforms) = preSolution
		Debug|Any CPU = Debug|Any CPU
		Release|Any CPU = Release|Any CPU
	EndGlobalSection
	GlobalSection(ProjectConfigurationPlatforms) = postSolution
		{BCE1B380-74B0-4032-833E-BEBE16ADCCEB}.Debug|Any CPU.ActiveCfg = Debug|Any CPU
		{BCE1B380-74B0-4032-833E-BEBE16ADCCEB}.Debug|Any CPU.Build.0 = Debug|Any CPU
		{BCE1B380-74B0-4032-833E-BEBE16ADCCEB}.Release|Any CPU.ActiveCfg = Release|Any CPU
		{BCE1B380-74B0-4032-833E-BEBE16ADCCEB}.Release|Any CPU.Build.0 = Release|Any CPU
	EndGlobalSection
	GlobalSection(SolutionProperties) = preSolution
		HideSolutionNode = FALSE
	EndGlobalSection
	GlobalSection(ExtensibilityGlobals) = postSolution
		SolutionGuid = {4A7786E3-C757-447D-9A7A-F22536BE73E6}
	EndGlobalSection
EndGlobal
